
Microsoft Visual Studio Solution File, Format Version 12.00
# Visual Studio 2013
VisualStudioVersion = 12.0.40629.0
MinimumVisualStudioVersion = 10.0.40219.1
<<<<<<< HEAD
Project("{FAE04EC0-301F-11D3-BF4B-00C04F79EFBC}") = "ECE 480 Project", "ECE 480 Project\ECE 480 Project.csproj", "{816F446D-C1C6-42DC-982D-D02242B3422B}"
=======
Project("{FAE04EC0-301F-11D3-BF4B-00C04F79EFBC}") = "ECE 480 Project", "ECE 415 Project\ECE 480 Project.csproj", "{C7E43699-5A25-4264-AC9A-5F79C442B234}"
>>>>>>> 39a753b3a63af51649979ea953b3753ed3796e40
EndProject
Global
	GlobalSection(SolutionConfigurationPlatforms) = preSolution
		Debug|Any CPU = Debug|Any CPU
		Release|Any CPU = Release|Any CPU
	EndGlobalSection
	GlobalSection(ProjectConfigurationPlatforms) = postSolution
<<<<<<< HEAD
		{816F446D-C1C6-42DC-982D-D02242B3422B}.Debug|Any CPU.ActiveCfg = Debug|Any CPU
		{816F446D-C1C6-42DC-982D-D02242B3422B}.Debug|Any CPU.Build.0 = Debug|Any CPU
		{816F446D-C1C6-42DC-982D-D02242B3422B}.Release|Any CPU.ActiveCfg = Release|Any CPU
		{816F446D-C1C6-42DC-982D-D02242B3422B}.Release|Any CPU.Build.0 = Release|Any CPU
=======
		{C7E43699-5A25-4264-AC9A-5F79C442B234}.Debug|Any CPU.ActiveCfg = Debug|Any CPU
		{C7E43699-5A25-4264-AC9A-5F79C442B234}.Debug|Any CPU.Build.0 = Debug|Any CPU
		{C7E43699-5A25-4264-AC9A-5F79C442B234}.Release|Any CPU.ActiveCfg = Release|Any CPU
		{C7E43699-5A25-4264-AC9A-5F79C442B234}.Release|Any CPU.Build.0 = Release|Any CPU
>>>>>>> 39a753b3a63af51649979ea953b3753ed3796e40
	EndGlobalSection
	GlobalSection(SolutionProperties) = preSolution
		HideSolutionNode = FALSE
	EndGlobalSection
EndGlobal
