
Microsoft Visual Studio Solution File, Format Version 12.00
# Visual Studio 14
VisualStudioVersion = 14.0.24720.0
MinimumVisualStudioVersion = 10.0.40219.1
Project("{FAE04EC0-301F-11D3-BF4B-00C04F79EFBC}") = "ECE 480 Project", "ECE 480 Project\ECE 480 Project.csproj", "{816F446D-C1C6-42DC-982D-D02242B3422B}"
EndProject
Global
	GlobalSection(SolutionConfigurationPlatforms) = preSolution
		Debug|Any CPU = Debug|Any CPU
		Release|Any CPU = Release|Any CPU
	EndGlobalSection
	GlobalSection(ProjectConfigurationPlatforms) = postSolution
		{816F446D-C1C6-42DC-982D-D02242B3422B}.Debug|Any CPU.ActiveCfg = Debug|Any CPU
		{816F446D-C1C6-42DC-982D-D02242B3422B}.Debug|Any CPU.Build.0 = Debug|Any CPU
		{816F446D-C1C6-42DC-982D-D02242B3422B}.Release|Any CPU.ActiveCfg = Release|Any CPU
		{816F446D-C1C6-42DC-982D-D02242B3422B}.Release|Any CPU.Build.0 = Release|Any CPU
	EndGlobalSection
	GlobalSection(SolutionProperties) = preSolution
		HideSolutionNode = FALSE
	EndGlobalSection
EndGlobal
